
Microsoft Visual Studio Solution File, Format Version 12.00
# Visual Studio Version 17
VisualStudioVersion = 17.12.35527.113 d17.12
MinimumVisualStudioVersion = 10.0.40219.1
Project("{FAE04EC0-301F-11D3-BF4B-00C04F79EFBC}") = "LiveChartsShow", "LiveChartsShow.csproj", "{4E66CD30-1FF1-4A4A-B21A-1BA8A2FFC83E}"
EndProject
Global
	GlobalSection(SolutionConfigurationPlatforms) = preSolution
		Debug|Any CPU = Debug|Any CPU
		Release|Any CPU = Release|Any CPU
	EndGlobalSection
	GlobalSection(ProjectConfigurationPlatforms) = postSolution
		{4E66CD30-1FF1-4A4A-B21A-1BA8A2FFC83E}.Debug|Any CPU.ActiveCfg = Debug|Any CPU
		{4E66CD30-1FF1-4A4A-B21A-1BA8A2FFC83E}.Debug|Any CPU.Build.0 = Debug|Any CPU
		{4E66CD30-1FF1-4A4A-B21A-1BA8A2FFC83E}.Release|Any CPU.ActiveCfg = Release|Any CPU
		{4E66CD30-1FF1-4A4A-B21A-1BA8A2FFC83E}.Release|Any CPU.Build.0 = Release|Any CPU
	EndGlobalSection
	GlobalSection(SolutionProperties) = preSolution
		HideSolutionNode = FALSE
	EndGlobalSection
EndGlobal
